// !$*UTF8*$!
{
	archiveVersion = 1;
	classes = {
	};
	objectVersion = 46;
	objects = {

/* Begin PBXBuildFile section */
		4BB232621DDB42D800C4C78A /* AppDelegate.swift in Sources */ = {isa = PBXBuildFile; fileRef = 4BB232611DDB42D800C4C78A /* AppDelegate.swift */; };
		4BB232691DDB42D800C4C78A /* Assets.xcassets in Resources */ = {isa = PBXBuildFile; fileRef = 4BB232681DDB42D800C4C78A /* Assets.xcassets */; };
		4BB2326C1DDB42D800C4C78A /* LaunchScreen.storyboard in Resources */ = {isa = PBXBuildFile; fileRef = 4BB2326A1DDB42D800C4C78A /* LaunchScreen.storyboard */; };
		4BB232771DDB432000C4C78A /* CloudKit.framework in Frameworks */ = {isa = PBXBuildFile; fileRef = 4BB232761DDB432000C4C78A /* CloudKit.framework */; };
		4BB2327A1DDB437100C4C78A /* LoginViewController.swift in Sources */ = {isa = PBXBuildFile; fileRef = 4BB232781DDB437100C4C78A /* LoginViewController.swift */; };
		4BB2327B1DDB437100C4C78A /* LoginViewController.xib in Resources */ = {isa = PBXBuildFile; fileRef = 4BB232791DDB437100C4C78A /* LoginViewController.xib */; };
		4BB2327E1DDB45EA00C4C78A /* ChatViewController.swift in Sources */ = {isa = PBXBuildFile; fileRef = 4BB2327C1DDB45EA00C4C78A /* ChatViewController.swift */; };
		4BB2327F1DDB45EA00C4C78A /* ChatViewController.xib in Resources */ = {isa = PBXBuildFile; fileRef = 4BB2327D1DDB45EA00C4C78A /* ChatViewController.xib */; };
		4BB232831DDB474600C4C78A /* OwnMessageTableViewCell.swift in Sources */ = {isa = PBXBuildFile; fileRef = 4BB232811DDB474600C4C78A /* OwnMessageTableViewCell.swift */; };
		4BB232841DDB474600C4C78A /* OwnMessageTableViewCell.xib in Resources */ = {isa = PBXBuildFile; fileRef = 4BB232821DDB474600C4C78A /* OwnMessageTableViewCell.xib */; };
/* End PBXBuildFile section */

/* Begin PBXFileReference section */
		4BB2325E1DDB42D800C4C78A /* SimpleChat.app */ = {isa = PBXFileReference; explicitFileType = wrapper.application; includeInIndex = 0; path = SimpleChat.app; sourceTree = BUILT_PRODUCTS_DIR; };
		4BB232611DDB42D800C4C78A /* AppDelegate.swift */ = {isa = PBXFileReference; lastKnownFileType = sourcecode.swift; path = AppDelegate.swift; sourceTree = "<group>"; };
		4BB232681DDB42D800C4C78A /* Assets.xcassets */ = {isa = PBXFileReference; lastKnownFileType = folder.assetcatalog; path = Assets.xcassets; sourceTree = "<group>"; };
		4BB2326B1DDB42D800C4C78A /* Base */ = {isa = PBXFileReference; lastKnownFileType = file.storyboard; name = Base; path = Base.lproj/LaunchScreen.storyboard; sourceTree = "<group>"; };
		4BB2326D1DDB42D800C4C78A /* Info.plist */ = {isa = PBXFileReference; lastKnownFileType = text.plist.xml; path = Info.plist; sourceTree = "<group>"; };
		4BB232741DDB42F300C4C78A /* SimpleChat.entitlements */ = {isa = PBXFileReference; lastKnownFileType = text.plist.entitlements; path = SimpleChat.entitlements; sourceTree = "<group>"; };
		4BB232761DDB432000C4C78A /* CloudKit.framework */ = {isa = PBXFileReference; lastKnownFileType = wrapper.framework; name = CloudKit.framework; path = System/Library/Frameworks/CloudKit.framework; sourceTree = SDKROOT; };
		4BB232781DDB437100C4C78A /* LoginViewController.swift */ = {isa = PBXFileReference; fileEncoding = 4; lastKnownFileType = sourcecode.swift; name = LoginViewController.swift; path = ViewController/LoginViewController.swift; sourceTree = "<group>"; };
		4BB232791DDB437100C4C78A /* LoginViewController.xib */ = {isa = PBXFileReference; fileEncoding = 4; lastKnownFileType = file.xib; name = LoginViewController.xib; path = ViewController/LoginViewController.xib; sourceTree = "<group>"; };
		4BB2327C1DDB45EA00C4C78A /* ChatViewController.swift */ = {isa = PBXFileReference; fileEncoding = 4; lastKnownFileType = sourcecode.swift; name = ChatViewController.swift; path = ViewController/ChatViewController.swift; sourceTree = "<group>"; };
		4BB2327D1DDB45EA00C4C78A /* ChatViewController.xib */ = {isa = PBXFileReference; fileEncoding = 4; lastKnownFileType = file.xib; name = ChatViewController.xib; path = ViewController/ChatViewController.xib; sourceTree = "<group>"; };
		4BB232811DDB474600C4C78A /* OwnMessageTableViewCell.swift */ = {isa = PBXFileReference; fileEncoding = 4; lastKnownFileType = sourcecode.swift; name = OwnMessageTableViewCell.swift; path = View/OwnMessageTableViewCell.swift; sourceTree = "<group>"; };
		4BB232821DDB474600C4C78A /* OwnMessageTableViewCell.xib */ = {isa = PBXFileReference; fileEncoding = 4; lastKnownFileType = file.xib; name = OwnMessageTableViewCell.xib; path = View/OwnMessageTableViewCell.xib; sourceTree = "<group>"; };
/* End PBXFileReference section */

/* Begin PBXFrameworksBuildPhase section */
		4BB2325B1DDB42D700C4C78A /* Frameworks */ = {
			isa = PBXFrameworksBuildPhase;
			buildActionMask = 2147483647;
			files = (
				4BB232771DDB432000C4C78A /* CloudKit.framework in Frameworks */,
			);
			runOnlyForDeploymentPostprocessing = 0;
		};
/* End PBXFrameworksBuildPhase section */

/* Begin PBXGroup section */
		4BB232551DDB42D700C4C78A = {
			isa = PBXGroup;
			children = (
				4BB232601DDB42D800C4C78A /* SimpleChat */,
				4BB2325F1DDB42D800C4C78A /* Products */,
				4BB232751DDB432000C4C78A /* Frameworks */,
			);
			sourceTree = "<group>";
		};
		4BB2325F1DDB42D800C4C78A /* Products */ = {
			isa = PBXGroup;
			children = (
				4BB2325E1DDB42D800C4C78A /* SimpleChat.app */,
			);
			name = Products;
			sourceTree = "<group>";
		};
		4BB232601DDB42D800C4C78A /* SimpleChat */ = {
			isa = PBXGroup;
			children = (
				4BB232741DDB42F300C4C78A /* SimpleChat.entitlements */,
				4BB232731DDB42E800C4C78A /* ViewController */,
				4BB232801DDB470F00C4C78A /* View */,
				4BB232611DDB42D800C4C78A /* AppDelegate.swift */,
				4BB232681DDB42D800C4C78A /* Assets.xcassets */,
				4BB2326A1DDB42D800C4C78A /* LaunchScreen.storyboard */,
				4BB2326D1DDB42D800C4C78A /* Info.plist */,
			);
			path = SimpleChat;
			sourceTree = "<group>";
		};
		4BB232731DDB42E800C4C78A /* ViewController */ = {
			isa = PBXGroup;
			children = (
				4BB232781DDB437100C4C78A /* LoginViewController.swift */,
				4BB232791DDB437100C4C78A /* LoginViewController.xib */,
				4BB2327C1DDB45EA00C4C78A /* ChatViewController.swift */,
				4BB2327D1DDB45EA00C4C78A /* ChatViewController.xib */,
			);
			name = ViewController;
			sourceTree = "<group>";
		};
		4BB232751DDB432000C4C78A /* Frameworks */ = {
			isa = PBXGroup;
			children = (
				4BB232761DDB432000C4C78A /* CloudKit.framework */,
			);
			name = Frameworks;
			sourceTree = "<group>";
		};
		4BB232801DDB470F00C4C78A /* View */ = {
			isa = PBXGroup;
			children = (
				4BB232811DDB474600C4C78A /* OwnMessageTableViewCell.swift */,
				4BB232821DDB474600C4C78A /* OwnMessageTableViewCell.xib */,
			);
			name = View;
			sourceTree = "<group>";
		};
/* End PBXGroup section */

/* Begin PBXNativeTarget section */
		4BB2325D1DDB42D700C4C78A /* SimpleChat */ = {
			isa = PBXNativeTarget;
			buildConfigurationList = 4BB232701DDB42D800C4C78A /* Build configuration list for PBXNativeTarget "SimpleChat" */;
			buildPhases = (
				4BB2325A1DDB42D700C4C78A /* Sources */,
				4BB2325B1DDB42D700C4C78A /* Frameworks */,
				4BB2325C1DDB42D700C4C78A /* Resources */,
			);
			buildRules = (
			);
			dependencies = (
			);
			name = SimpleChat;
			productName = SimpleChat;
			productReference = 4BB2325E1DDB42D800C4C78A /* SimpleChat.app */;
			productType = "com.apple.product-type.application";
		};
/* End PBXNativeTarget section */

/* Begin PBXProject section */
		4BB232561DDB42D700C4C78A /* Project object */ = {
			isa = PBXProject;
			attributes = {
				LastSwiftUpdateCheck = 0810;
				LastUpgradeCheck = 0810;
				ORGANIZATIONNAME = "Martin Hartl";
				TargetAttributes = {
					4BB2325D1DDB42D700C4C78A = {
						CreatedOnToolsVersion = 8.1;
						DevelopmentTeam = 9E8SXF3Y36;
						ProvisioningStyle = Automatic;
						SystemCapabilities = {
							com.apple.Push = {
								enabled = 1;
							};
							com.apple.iCloud = {
								enabled = 1;
							};
						};
					};
				};
			};
			buildConfigurationList = 4BB232591DDB42D700C4C78A /* Build configuration list for PBXProject "SimpleChat" */;
			compatibilityVersion = "Xcode 3.2";
			developmentRegion = English;
			hasScannedForEncodings = 0;
			knownRegions = (
				en,
				Base,
			);
			mainGroup = 4BB232551DDB42D700C4C78A;
			productRefGroup = 4BB2325F1DDB42D800C4C78A /* Products */;
			projectDirPath = "";
			projectRoot = "";
			targets = (
				4BB2325D1DDB42D700C4C78A /* SimpleChat */,
			);
		};
/* End PBXProject section */

/* Begin PBXResourcesBuildPhase section */
		4BB2325C1DDB42D700C4C78A /* Resources */ = {
			isa = PBXResourcesBuildPhase;
			buildActionMask = 2147483647;
			files = (
				4BB2327B1DDB437100C4C78A /* LoginViewController.xib in Resources */,
				4BB232841DDB474600C4C78A /* OwnMessageTableViewCell.xib in Resources */,
				4BB2326C1DDB42D800C4C78A /* LaunchScreen.storyboard in Resources */,
				4BB2327F1DDB45EA00C4C78A /* ChatViewController.xib in Resources */,
				4BB232691DDB42D800C4C78A /* Assets.xcassets in Resources */,
			);
			runOnlyForDeploymentPostprocessing = 0;
		};
/* End PBXResourcesBuildPhase section */

/* Begin PBXSourcesBuildPhase section */
		4BB2325A1DDB42D700C4C78A /* Sources */ = {
			isa = PBXSourcesBuildPhase;
			buildActionMask = 2147483647;
			files = (
				4BB232831DDB474600C4C78A /* OwnMessageTableViewCell.swift in Sources */,
				4BB2327A1DDB437100C4C78A /* LoginViewController.swift in Sources */,
				4BB2327E1DDB45EA00C4C78A /* ChatViewController.swift in Sources */,
				4BB232621DDB42D800C4C78A /* AppDelegate.swift in Sources */,
			);
			runOnlyForDeploymentPostprocessing = 0;
		};
/* End PBXSourcesBuildPhase section */

/* Begin PBXVariantGroup section */
		4BB2326A1DDB42D800C4C78A /* LaunchScreen.storyboard */ = {
			isa = PBXVariantGroup;
			children = (
				4BB2326B1DDB42D800C4C78A /* Base */,
			);
			name = LaunchScreen.storyboard;
			sourceTree = "<group>";
		};
/* End PBXVariantGroup section */

/* Begin XCBuildConfiguration section */
		4BB2326E1DDB42D800C4C78A /* Debug */ = {
			isa = XCBuildConfiguration;
			buildSettings = {
				ALWAYS_SEARCH_USER_PATHS = NO;
				CLANG_ANALYZER_NONNULL = YES;
				CLANG_CXX_LANGUAGE_STANDARD = "gnu++0x";
				CLANG_CXX_LIBRARY = "libc++";
				CLANG_ENABLE_MODULES = YES;
				CLANG_ENABLE_OBJC_ARC = YES;
				CLANG_WARN_BOOL_CONVERSION = YES;
				CLANG_WARN_CONSTANT_CONVERSION = YES;
				CLANG_WARN_DIRECT_OBJC_ISA_USAGE = YES_ERROR;
				CLANG_WARN_DOCUMENTATION_COMMENTS = YES;
				CLANG_WARN_EMPTY_BODY = YES;
				CLANG_WARN_ENUM_CONVERSION = YES;
				CLANG_WARN_INFINITE_RECURSION = YES;
				CLANG_WARN_INT_CONVERSION = YES;
				CLANG_WARN_OBJC_ROOT_CLASS = YES_ERROR;
				CLANG_WARN_SUSPICIOUS_MOVES = YES;
				CLANG_WARN_UNREACHABLE_CODE = YES;
				CLANG_WARN__DUPLICATE_METHOD_MATCH = YES;
				"CODE_SIGN_IDENTITY[sdk=iphoneos*]" = "iPhone Developer";
				COPY_PHASE_STRIP = NO;
				DEBUG_INFORMATION_FORMAT = dwarf;
				ENABLE_STRICT_OBJC_MSGSEND = YES;
				ENABLE_TESTABILITY = YES;
				GCC_C_LANGUAGE_STANDARD = gnu99;
				GCC_DYNAMIC_NO_PIC = NO;
				GCC_NO_COMMON_BLOCKS = YES;
				GCC_OPTIMIZATION_LEVEL = 0;
				GCC_PREPROCESSOR_DEFINITIONS = (
					"DEBUG=1",
					"$(inherited)",
				);
				GCC_WARN_64_TO_32_BIT_CONVERSION = YES;
				GCC_WARN_ABOUT_RETURN_TYPE = YES_ERROR;
				GCC_WARN_UNDECLARED_SELECTOR = YES;
				GCC_WARN_UNINITIALIZED_AUTOS = YES_AGGRESSIVE;
				GCC_WARN_UNUSED_FUNCTION = YES;
				GCC_WARN_UNUSED_VARIABLE = YES;
				IPHONEOS_DEPLOYMENT_TARGET = 10.1;
				MTL_ENABLE_DEBUG_INFO = YES;
				ONLY_ACTIVE_ARCH = YES;
				SDKROOT = iphoneos;
				SWIFT_ACTIVE_COMPILATION_CONDITIONS = DEBUG;
				SWIFT_OPTIMIZATION_LEVEL = "-Onone";
				TARGETED_DEVICE_FAMILY = "1,2";
			};
			name = Debug;
		};
		4BB2326F1DDB42D800C4C78A /* Release */ = {
			isa = XCBuildConfiguration;
			buildSettings = {
				ALWAYS_SEARCH_USER_PATHS = NO;
				CLANG_ANALYZER_NONNULL = YES;
				CLANG_CXX_LANGUAGE_STANDARD = "gnu++0x";
				CLANG_CXX_LIBRARY = "libc++";
				CLANG_ENABLE_MODULES = YES;
				CLANG_ENABLE_OBJC_ARC = YES;
				CLANG_WARN_BOOL_CONVERSION = YES;
				CLANG_WARN_CONSTANT_CONVERSION = YES;
				CLANG_WARN_DIRECT_OBJC_ISA_USAGE = YES_ERROR;
				CLANG_WARN_DOCUMENTATION_COMMENTS = YES;
				CLANG_WARN_EMPTY_BODY = YES;
				CLANG_WARN_ENUM_CONVERSION = YES;
				CLANG_WARN_INFINITE_RECURSION = YES;
				CLANG_WARN_INT_CONVERSION = YES;
				CLANG_WARN_OBJC_ROOT_CLASS = YES_ERROR;
				CLANG_WARN_SUSPICIOUS_MOVES = YES;
				CLANG_WARN_UNREACHABLE_CODE = YES;
				CLANG_WARN__DUPLICATE_METHOD_MATCH = YES;
				"CODE_SIGN_IDENTITY[sdk=iphoneos*]" = "iPhone Developer";
				COPY_PHASE_STRIP = NO;
				DEBUG_INFORMATION_FORMAT = "dwarf-with-dsym";
				ENABLE_NS_ASSERTIONS = NO;
				ENABLE_STRICT_OBJC_MSGSEND = YES;
				GCC_C_LANGUAGE_STANDARD = gnu99;
				GCC_NO_COMMON_BLOCKS = YES;
				GCC_WARN_64_TO_32_BIT_CONVERSION = YES;
				GCC_WARN_ABOUT_RETURN_TYPE = YES_ERROR;
				GCC_WARN_UNDECLARED_SELECTOR = YES;
				GCC_WARN_UNINITIALIZED_AUTOS = YES_AGGRESSIVE;
				GCC_WARN_UNUSED_FUNCTION = YES;
				GCC_WARN_UNUSED_VARIABLE = YES;
				IPHONEOS_DEPLOYMENT_TARGET = 10.1;
				MTL_ENABLE_DEBUG_INFO = NO;
				SDKROOT = iphoneos;
				SWIFT_OPTIMIZATION_LEVEL = "-Owholemodule";
				TARGETED_DEVICE_FAMILY = "1,2";
				VALIDATE_PRODUCT = YES;
			};
			name = Release;
		};
		4BB232711DDB42D800C4C78A /* Debug */ = {
			isa = XCBuildConfiguration;
			buildSettings = {
				ASSETCATALOG_COMPILER_APPICON_NAME = AppIcon;
				CODE_SIGN_ENTITLEMENTS = SimpleChat/SimpleChat.entitlements;
				DEVELOPMENT_TEAM = 9E8SXF3Y36;
				INFOPLIST_FILE = SimpleChat/Info.plist;
				LD_RUNPATH_SEARCH_PATHS = "$(inherited) @executable_path/Frameworks";
				PRODUCT_BUNDLE_IDENTIFIER = co.hartl.SimpleChat;
				PRODUCT_NAME = "$(TARGET_NAME)";
				SWIFT_VERSION = 3.0;
			};
			name = Debug;
		};
		4BB232721DDB42D800C4C78A /* Release */ = {
			isa = XCBuildConfiguration;
			buildSettings = {
				ASSETCATALOG_COMPILER_APPICON_NAME = AppIcon;
				CODE_SIGN_ENTITLEMENTS = SimpleChat/SimpleChat.entitlements;
				DEVELOPMENT_TEAM = 9E8SXF3Y36;
				INFOPLIST_FILE = SimpleChat/Info.plist;
				LD_RUNPATH_SEARCH_PATHS = "$(inherited) @executable_path/Frameworks";
				PRODUCT_BUNDLE_IDENTIFIER = co.hartl.SimpleChat;
				PRODUCT_NAME = "$(TARGET_NAME)";
				SWIFT_VERSION = 3.0;
			};
			name = Release;
		};
/* End XCBuildConfiguration section */

/* Begin XCConfigurationList section */
		4BB232591DDB42D700C4C78A /* Build configuration list for PBXProject "SimpleChat" */ = {
			isa = XCConfigurationList;
			buildConfigurations = (
				4BB2326E1DDB42D800C4C78A /* Debug */,
				4BB2326F1DDB42D800C4C78A /* Release */,
			);
			defaultConfigurationIsVisible = 0;
			defaultConfigurationName = Release;
		};
		4BB232701DDB42D800C4C78A /* Build configuration list for PBXNativeTarget "SimpleChat" */ = {
			isa = XCConfigurationList;
			buildConfigurations = (
				4BB232711DDB42D800C4C78A /* Debug */,
				4BB232721DDB42D800C4C78A /* Release */,
			);
			defaultConfigurationIsVisible = 0;
		};
/* End XCConfigurationList section */
	};
	rootObject = 4BB232561DDB42D700C4C78A /* Project object */;
}
